# This file is automatically @generated by Cargo.
# It is not intended for manual editing.
version = 3

[[package]]
name = "libc"
version = "0.2.157"
source = "registry+https://github.com/rust-lang/crates.io-index"
checksum = "374af5f94e54fa97cf75e945cce8a6b201e88a1a07e688b47dfd2a59c66dbd86"

[[package]]
name = "syscalls-example"
version = "0.1.0"
dependencies = [
 "libc",
]
